<?xml version="1.0" encoding="utf-8"?>
<Project ToolsVersion="4.0" xmlns="http://schemas.microsoft.com/developer/msbuild/2003">
  <ItemGroup>
    <Filter Include="Source Files">
      <UniqueIdentifier>{4FC737F1-C7A5-4376-A066-2A32D752A2FF}</UniqueIdentifier>
      <Extensions>cpp;c;cc;cxx;def;odl;idl;hpj;bat;asm;asmx</Extensions>
    </Filter>
    <Filter Include="Header Files">
      <UniqueIdentifier>{93995380-89BD-4b04-88EB-625FBE52EBFB}</UniqueIdentifier>
      <Extensions>h;hh;hpp;hxx;hm;inl;inc;xsd</Extensions>
    </Filter>
    <Filter Include="Resource Files">
      <UniqueIdentifier>{67DA6AB6-F800-4c08-8B7A-83BB121AAD01}</UniqueIdentifier>
      <Extensions>rc;ico;cur;bmp;dlg;rc2;rct;bin;rgs;gif;jpg;jpeg;jpe;resx;tiff;tif;png;wav</Extensions>
    </Filter>
  </ItemGroup>
  <ItemGroup>
    <ClInclude Include="..\include\GeometryCoord.h">
      <Filter>Header Files</Filter>
    </ClInclude>
    <ClInclude Include="..\include\OglBuffer.h">
      <Filter>Header Files</Filter>
    </ClInclude>
    <ClInclude Include="..\include\OglContext.h">
      <Filter>Header Files</Filter>
    </ClInclude>
    <ClInclude Include="..\include\OglFrameBuffer.h">
      <Filter>Header Files</Filter>
    </ClInclude>
    <ClInclude Include="..\include\OglImage.h">
      <Filter>Header Files</Filter>
    </ClInclude>
    <ClInclude Include="..\include\OglProgram.h">
      <Filter>Header Files</Filter>
    </ClInclude>
    <ClInclude Include="..\include\OglShape.h">
      <Filter>Header Files</Filter>
    </ClInclude>
    <ClInclude Include="..\include\OglTexture.h">
      <Filter>Header Files</Filter>
    </ClInclude>
    <ClInclude Include="..\include\IOglGeometry.h">
      <Filter>Header Files</Filter>
    </ClInclude>
    <ClInclude Include="..\include\IOglImage.h">
      <Filter>Header Files</Filter>
    </ClInclude>
    <ClInclude Include="..\include\IOglShader.h">
      <Filter>Header Files</Filter>
    </ClInclude>
    <ClInclude Include="..\include\OglColorShader.h">
      <Filter>Header Files</Filter>
    </ClInclude>
    <ClInclude Include="..\include\OglImageFormat.h">
      <Filter>Header Files</Filter>
    </ClInclude>
    <ClInclude Include="..\include\OglImagePainter.h">
      <Filter>Header Files</Filter>
    </ClInclude>
    <ClInclude Include="..\include\OglLumaShader.h">
      <Filter>Header Files</Filter>
    </ClInclude>
    <ClInclude Include="..\include\OglPainter.h">
      <Filter>Header Files</Filter>
    </ClInclude>
    <ClInclude Include="..\include\OglRgbaGrayShader.h">
      <Filter>Header Files</Filter>
    </ClInclude>
    <ClInclude Include="..\include\OglRgbaShader.h">
      <Filter>Header Files</Filter>
    </ClInclude>
    <ClInclude Include="..\include\OglYuv420Shader.h">
      <Filter>Header Files</Filter>
    </ClInclude>
    <ClInclude Include="..\source\OglImageConverter.h">
      <Filter>Header Files</Filter>
    </ClInclude>
    <ClInclude Include="..\include\OglBuffer2D.h">
      <Filter>Header Files</Filter>
    </ClInclude>
    <ClInclude Include="..\include\OglYuy2Shader.h">
      <Filter>Header Files</Filter>
    </ClInclude>
  </ItemGroup>
  <ItemGroup>
    <ClCompile Include="..\source\OglBuffer.cpp">
      <Filter>Source Files</Filter>
    </ClCompile>
    <ClCompile Include="..\source\OglFrameBuffer.cpp">
      <Filter>Source Files</Filter>
    </ClCompile>
    <ClCompile Include="..\source\OglImage.cpp">
      <Filter>Source Files</Filter>
    </ClCompile>
    <ClCompile Include="..\source\OglProgram.cpp">
      <Filter>Source Files</Filter>
    </ClCompile>
    <ClCompile Include="..\source\OglShape.cpp">
      <Filter>Source Files</Filter>
    </ClCompile>
    <ClCompile Include="..\source\OglTexture.cpp">
      <Filter>Source Files</Filter>
    </ClCompile>
    <ClCompile Include="..\source\IOglShader.cpp">
      <Filter>Source Files</Filter>
    </ClCompile>
    <ClCompile Include="..\source\OglColorShader.cpp">
      <Filter>Source Files</Filter>
    </ClCompile>
    <ClCompile Include="..\source\OglImageConverter.cpp">
      <Filter>Source Files</Filter>
    </ClCompile>
    <ClCompile Include="..\source\OglImageFormat.cpp">
      <Filter>Source Files</Filter>
    </ClCompile>
    <ClCompile Include="..\source\OglImagePainter.cpp">
      <Filter>Source Files</Filter>
    </ClCompile>
    <ClCompile Include="..\source\OglLumaShader.cpp">
      <Filter>Source Files</Filter>
    </ClCompile>
    <ClCompile Include="..\source\OglRgbaGrayShader.cpp">
      <Filter>Source Files</Filter>
    </ClCompile>
    <ClCompile Include="..\source\OglRgbaShader.cpp">
      <Filter>Source Files</Filter>
    </ClCompile>
    <ClCompile Include="..\source\OglYuv420Shader.cpp">
      <Filter>Source Files</Filter>
    </ClCompile>
    <ClCompile Include="..\source\OglSphere.cpp">
      <Filter>Source Files</Filter>
    </ClCompile>
    <ClCompile Include="..\source\OglBuffer2D.cpp">
      <Filter>Source Files</Filter>
    </ClCompile>
    <ClCompile Include="..\source\OglYuy2Shader.cpp">
      <Filter>Source Files</Filter>
    </ClCompile>
  </ItemGroup>
</Project>