
Microsoft Visual Studio Solution File, Format Version 12.00
# Visual Studio 14
VisualStudioVersion = 14.0.25420.1
MinimumVisualStudioVersion = 10.0.40219.1
Project("{8BC9CEB8-8B4A-11D0-8D11-00A0C91BC942}") = "OclHelper", "..\OclHelper\vs2015\OclHelper.vcxproj", "{7761EAC9-C421-462B-8287-B92019AFB46A}"
EndProject
Project("{8BC9CEB8-8B4A-11D0-8D11-00A0C91BC942}") = "OglHelper", "..\OglHelper\vs2015\OglHelper.vcxproj", "{FB46B4C1-ABE8-48A2-9C4E-CC4F96B240EA}"
EndProject
Project("{2150E333-8FDC-42A3-9474-1A3956D46DE8}") = "Examples", "Examples", "{C6CC78A5-0777-474A-8272-0F5E2DD71E85}"
EndProject
Project("{2150E333-8FDC-42A3-9474-1A3956D46DE8}") = "OpenCL_1_2", "OpenCL_1_2", "{7D22320E-284E-4321-81E2-77C6F95F1B8A}"
EndProject
Project("{2150E333-8FDC-42A3-9474-1A3956D46DE8}") = "OpenCL_2_0", "OpenCL_2_0", "{000854D8-E625-4BA4-9FC9-9F6FFD45EBC3}"
EndProject
Project("{8BC9CEB8-8B4A-11D0-8D11-00A0C91BC942}") = "ColorInv", "..\Examples\OpenCL_1_2\ColorInv\vs2015\ColorInv.vcxproj", "{0E250865-5937-46DF-8887-D98A5F3360BA}"
EndProject
Project("{8BC9CEB8-8B4A-11D0-8D11-00A0C91BC942}") = "EdgeDetect", "..\Examples\OpenCL_1_2\EdgeDetect\vs2015\EdgeDetect.vcxproj", "{AFE130EB-D2B7-4E3B-8452-B38A6300023B}"
EndProject
Project("{8BC9CEB8-8B4A-11D0-8D11-00A0C91BC942}") = "Gradient", "..\Examples\OpenCL_1_2\Gradient\vs2015\Gradient.vcxproj", "{2B88A2EF-410C-4749-8349-27CED5947601}"
EndProject
Project("{8BC9CEB8-8B4A-11D0-8D11-00A0C91BC942}") = "HarrisCorner", "..\Examples\OpenCL_1_2\HarrisCorner\vs2015\HarrisCorner.vcxproj", "{BBD4CFAB-FD26-4FDA-8328-A3638F8A7262}"
EndProject
Project("{8BC9CEB8-8B4A-11D0-8D11-00A0C91BC942}") = "Histogram", "..\Examples\OpenCL_1_2\Histogram\vs2015\Histogram.vcxproj", "{4E489E1C-D550-4338-ABE3-88BEC4D00C3D}"
EndProject
Project("{8BC9CEB8-8B4A-11D0-8D11-00A0C91BC942}") = "PrefixSum", "..\Examples\OpenCL_1_2\PrefixSum\vs2015\PrefixSum.vcxproj", "{90184529-9CD8-466D-90A4-8E573191BFC9}"
EndProject
Project("{8BC9CEB8-8B4A-11D0-8D11-00A0C91BC942}") = "ReduceSum", "..\Examples\OpenCL_1_2\ReduceSum\vs2015\ReduceSum.vcxproj", "{A05F97B4-EACB-4F67-B3AB-39D773155ADA}"
EndProject
Project("{8BC9CEB8-8B4A-11D0-8D11-00A0C91BC942}") = "VectorAdd", "..\Examples\OpenCL_1_2\VectorAdd\vs2015\VectorAdd.vcxproj", "{0F9AF116-156E-4B54-AA1F-160D6B6C8488}"
EndProject
Project("{8BC9CEB8-8B4A-11D0-8D11-00A0C91BC942}") = "RadixSort", "..\Examples\OpenCL_2_0\RadixSort\vs2015\RadixSort.vcxproj", "{875CE4B4-D7AB-4803-9DAC-789F38559A98}"
EndProject
Project("{8BC9CEB8-8B4A-11D0-8D11-00A0C91BC942}") = "MatrixMult", "..\Examples\OpenCL_2_0\MatrixMult\vs2015\MatrixMult.vcxproj", "{0DFAD268-2E5B-47C2-9A7F-E7F19688830E}"
EndProject
Project("{8BC9CEB8-8B4A-11D0-8D11-00A0C91BC942}") = "HarrisCorner", "..\Examples\OpenCL_2_0\HarrisCorner\vs2015\HarrisCorner.vcxproj", "{AECB3270-0EED-403D-87A0-2E26ACCAB906}"
EndProject
Project("{8BC9CEB8-8B4A-11D0-8D11-00A0C91BC942}") = "PrefixSum", "..\Examples\OpenCL_2_0\PrefixSum\vs2015\PrefixSum.vcxproj", "{572E92AB-2CE2-4E77-95AC-083EF0146171}"
EndProject
Project("{8BC9CEB8-8B4A-11D0-8D11-00A0C91BC942}") = "MatrixMult", "..\Examples\OpenCL_1_2\MatrixMult\vs2015\MatrixMult.vcxproj", "{B3AC5C45-6692-418D-8FCC-D503E46578F1}"
EndProject
Global
	GlobalSection(SolutionConfigurationPlatforms) = preSolution
		Debug|x64 = Debug|x64
		Release|x64 = Release|x64
	EndGlobalSection
	GlobalSection(ProjectConfigurationPlatforms) = postSolution
		{7761EAC9-C421-462B-8287-B92019AFB46A}.Debug|x64.ActiveCfg = Debug|x64
		{7761EAC9-C421-462B-8287-B92019AFB46A}.Debug|x64.Build.0 = Debug|x64
		{7761EAC9-C421-462B-8287-B92019AFB46A}.Release|x64.ActiveCfg = Release|x64
		{7761EAC9-C421-462B-8287-B92019AFB46A}.Release|x64.Build.0 = Release|x64
		{FB46B4C1-ABE8-48A2-9C4E-CC4F96B240EA}.Debug|x64.ActiveCfg = Debug|x64
		{FB46B4C1-ABE8-48A2-9C4E-CC4F96B240EA}.Debug|x64.Build.0 = Debug|x64
		{FB46B4C1-ABE8-48A2-9C4E-CC4F96B240EA}.Release|x64.ActiveCfg = Release|x64
		{FB46B4C1-ABE8-48A2-9C4E-CC4F96B240EA}.Release|x64.Build.0 = Release|x64
		{0E250865-5937-46DF-8887-D98A5F3360BA}.Debug|x64.ActiveCfg = Debug|x64
		{0E250865-5937-46DF-8887-D98A5F3360BA}.Debug|x64.Build.0 = Debug|x64
		{0E250865-5937-46DF-8887-D98A5F3360BA}.Release|x64.ActiveCfg = Release|x64
		{0E250865-5937-46DF-8887-D98A5F3360BA}.Release|x64.Build.0 = Release|x64
		{AFE130EB-D2B7-4E3B-8452-B38A6300023B}.Debug|x64.ActiveCfg = Debug|x64
		{AFE130EB-D2B7-4E3B-8452-B38A6300023B}.Debug|x64.Build.0 = Debug|x64
		{AFE130EB-D2B7-4E3B-8452-B38A6300023B}.Release|x64.ActiveCfg = Release|x64
		{AFE130EB-D2B7-4E3B-8452-B38A6300023B}.Release|x64.Build.0 = Release|x64
		{2B88A2EF-410C-4749-8349-27CED5947601}.Debug|x64.ActiveCfg = Debug|x64
		{2B88A2EF-410C-4749-8349-27CED5947601}.Debug|x64.Build.0 = Debug|x64
		{2B88A2EF-410C-4749-8349-27CED5947601}.Release|x64.ActiveCfg = Release|x64
		{2B88A2EF-410C-4749-8349-27CED5947601}.Release|x64.Build.0 = Release|x64
		{BBD4CFAB-FD26-4FDA-8328-A3638F8A7262}.Debug|x64.ActiveCfg = Debug|x64
		{BBD4CFAB-FD26-4FDA-8328-A3638F8A7262}.Debug|x64.Build.0 = Debug|x64
		{BBD4CFAB-FD26-4FDA-8328-A3638F8A7262}.Release|x64.ActiveCfg = Release|x64
		{BBD4CFAB-FD26-4FDA-8328-A3638F8A7262}.Release|x64.Build.0 = Release|x64
		{4E489E1C-D550-4338-ABE3-88BEC4D00C3D}.Debug|x64.ActiveCfg = Debug|x64
		{4E489E1C-D550-4338-ABE3-88BEC4D00C3D}.Debug|x64.Build.0 = Debug|x64
		{4E489E1C-D550-4338-ABE3-88BEC4D00C3D}.Release|x64.ActiveCfg = Release|x64
		{4E489E1C-D550-4338-ABE3-88BEC4D00C3D}.Release|x64.Build.0 = Release|x64
		{90184529-9CD8-466D-90A4-8E573191BFC9}.Debug|x64.ActiveCfg = Debug|x64
		{90184529-9CD8-466D-90A4-8E573191BFC9}.Debug|x64.Build.0 = Debug|x64
		{90184529-9CD8-466D-90A4-8E573191BFC9}.Release|x64.ActiveCfg = Release|x64
		{90184529-9CD8-466D-90A4-8E573191BFC9}.Release|x64.Build.0 = Release|x64
		{A05F97B4-EACB-4F67-B3AB-39D773155ADA}.Debug|x64.ActiveCfg = Debug|x64
		{A05F97B4-EACB-4F67-B3AB-39D773155ADA}.Debug|x64.Build.0 = Debug|x64
		{A05F97B4-EACB-4F67-B3AB-39D773155ADA}.Release|x64.ActiveCfg = Release|x64
		{A05F97B4-EACB-4F67-B3AB-39D773155ADA}.Release|x64.Build.0 = Release|x64
		{0F9AF116-156E-4B54-AA1F-160D6B6C8488}.Debug|x64.ActiveCfg = Debug|x64
		{0F9AF116-156E-4B54-AA1F-160D6B6C8488}.Debug|x64.Build.0 = Debug|x64
		{0F9AF116-156E-4B54-AA1F-160D6B6C8488}.Release|x64.ActiveCfg = Release|x64
		{0F9AF116-156E-4B54-AA1F-160D6B6C8488}.Release|x64.Build.0 = Release|x64
		{875CE4B4-D7AB-4803-9DAC-789F38559A98}.Debug|x64.ActiveCfg = Debug|x64
		{875CE4B4-D7AB-4803-9DAC-789F38559A98}.Debug|x64.Build.0 = Debug|x64
		{875CE4B4-D7AB-4803-9DAC-789F38559A98}.Release|x64.ActiveCfg = Release|x64
		{875CE4B4-D7AB-4803-9DAC-789F38559A98}.Release|x64.Build.0 = Release|x64
		{0DFAD268-2E5B-47C2-9A7F-E7F19688830E}.Debug|x64.ActiveCfg = Debug|x64
		{0DFAD268-2E5B-47C2-9A7F-E7F19688830E}.Debug|x64.Build.0 = Debug|x64
		{0DFAD268-2E5B-47C2-9A7F-E7F19688830E}.Release|x64.ActiveCfg = Release|x64
		{0DFAD268-2E5B-47C2-9A7F-E7F19688830E}.Release|x64.Build.0 = Release|x64
		{AECB3270-0EED-403D-87A0-2E26ACCAB906}.Debug|x64.ActiveCfg = Debug|x64
		{AECB3270-0EED-403D-87A0-2E26ACCAB906}.Debug|x64.Build.0 = Debug|x64
		{AECB3270-0EED-403D-87A0-2E26ACCAB906}.Release|x64.ActiveCfg = Release|x64
		{AECB3270-0EED-403D-87A0-2E26ACCAB906}.Release|x64.Build.0 = Release|x64
		{572E92AB-2CE2-4E77-95AC-083EF0146171}.Debug|x64.ActiveCfg = Debug|x64
		{572E92AB-2CE2-4E77-95AC-083EF0146171}.Debug|x64.Build.0 = Debug|x64
		{572E92AB-2CE2-4E77-95AC-083EF0146171}.Release|x64.ActiveCfg = Release|x64
		{572E92AB-2CE2-4E77-95AC-083EF0146171}.Release|x64.Build.0 = Release|x64
		{B3AC5C45-6692-418D-8FCC-D503E46578F1}.Debug|x64.ActiveCfg = Debug|x64
		{B3AC5C45-6692-418D-8FCC-D503E46578F1}.Debug|x64.Build.0 = Debug|x64
		{B3AC5C45-6692-418D-8FCC-D503E46578F1}.Release|x64.ActiveCfg = Release|x64
		{B3AC5C45-6692-418D-8FCC-D503E46578F1}.Release|x64.Build.0 = Release|x64
	EndGlobalSection
	GlobalSection(SolutionProperties) = preSolution
		HideSolutionNode = FALSE
	EndGlobalSection
	GlobalSection(NestedProjects) = preSolution
		{7D22320E-284E-4321-81E2-77C6F95F1B8A} = {C6CC78A5-0777-474A-8272-0F5E2DD71E85}
		{000854D8-E625-4BA4-9FC9-9F6FFD45EBC3} = {C6CC78A5-0777-474A-8272-0F5E2DD71E85}
		{0E250865-5937-46DF-8887-D98A5F3360BA} = {7D22320E-284E-4321-81E2-77C6F95F1B8A}
		{AFE130EB-D2B7-4E3B-8452-B38A6300023B} = {7D22320E-284E-4321-81E2-77C6F95F1B8A}
		{2B88A2EF-410C-4749-8349-27CED5947601} = {7D22320E-284E-4321-81E2-77C6F95F1B8A}
		{BBD4CFAB-FD26-4FDA-8328-A3638F8A7262} = {7D22320E-284E-4321-81E2-77C6F95F1B8A}
		{4E489E1C-D550-4338-ABE3-88BEC4D00C3D} = {7D22320E-284E-4321-81E2-77C6F95F1B8A}
		{90184529-9CD8-466D-90A4-8E573191BFC9} = {7D22320E-284E-4321-81E2-77C6F95F1B8A}
		{A05F97B4-EACB-4F67-B3AB-39D773155ADA} = {7D22320E-284E-4321-81E2-77C6F95F1B8A}
		{0F9AF116-156E-4B54-AA1F-160D6B6C8488} = {7D22320E-284E-4321-81E2-77C6F95F1B8A}
		{875CE4B4-D7AB-4803-9DAC-789F38559A98} = {000854D8-E625-4BA4-9FC9-9F6FFD45EBC3}
		{0DFAD268-2E5B-47C2-9A7F-E7F19688830E} = {000854D8-E625-4BA4-9FC9-9F6FFD45EBC3}
		{AECB3270-0EED-403D-87A0-2E26ACCAB906} = {000854D8-E625-4BA4-9FC9-9F6FFD45EBC3}
		{572E92AB-2CE2-4E77-95AC-083EF0146171} = {000854D8-E625-4BA4-9FC9-9F6FFD45EBC3}
		{B3AC5C45-6692-418D-8FCC-D503E46578F1} = {7D22320E-284E-4321-81E2-77C6F95F1B8A}
	EndGlobalSection
EndGlobal
